
Microsoft Visual Studio Solution File, Format Version 12.00
# Visual Studio Version 17
VisualStudioVersion = 17.2.32616.157
MinimumVisualStudioVersion = 10.0.40219.1
Project("{FAE04EC0-301F-11D3-BF4B-00C04F79EFBC}") = "CVSEncryptionDecryption", "CVSEncryptionDecryption\CVSEncryptionDecryption.csproj", "{88E3E01E-C717-4A4A-9927-688FDC54F087}"
EndProject
Project("{FAE04EC0-301F-11D3-BF4B-00C04F79EFBC}") = "CVSConsumerApp", "CVSConsumerApp\CVSConsumerApp.csproj", "{DB44334A-D6ED-43AD-AEBE-C1FDD121B96D}"
EndProject
Global
	GlobalSection(SolutionConfigurationPlatforms) = preSolution
		Debug|Any CPU = Debug|Any CPU
		Release|Any CPU = Release|Any CPU
	EndGlobalSection
	GlobalSection(ProjectConfigurationPlatforms) = postSolution
		{88E3E01E-C717-4A4A-9927-688FDC54F087}.Debug|Any CPU.ActiveCfg = Debug|Any CPU
		{88E3E01E-C717-4A4A-9927-688FDC54F087}.Debug|Any CPU.Build.0 = Debug|Any CPU
		{88E3E01E-C717-4A4A-9927-688FDC54F087}.Release|Any CPU.ActiveCfg = Release|Any CPU
		{88E3E01E-C717-4A4A-9927-688FDC54F087}.Release|Any CPU.Build.0 = Release|Any CPU
		{DB44334A-D6ED-43AD-AEBE-C1FDD121B96D}.Debug|Any CPU.ActiveCfg = Debug|Any CPU
		{DB44334A-D6ED-43AD-AEBE-C1FDD121B96D}.Debug|Any CPU.Build.0 = Debug|Any CPU
		{DB44334A-D6ED-43AD-AEBE-C1FDD121B96D}.Release|Any CPU.ActiveCfg = Release|Any CPU
		{DB44334A-D6ED-43AD-AEBE-C1FDD121B96D}.Release|Any CPU.Build.0 = Release|Any CPU
	EndGlobalSection
	GlobalSection(SolutionProperties) = preSolution
		HideSolutionNode = FALSE
	EndGlobalSection
	GlobalSection(ExtensibilityGlobals) = postSolution
		SolutionGuid = {E788523F-9B85-4238-A006-5A35D72C111C}
	EndGlobalSection
EndGlobal
